
Microsoft Visual Studio Solution File, Format Version 11.00
# Visual Studio 2010
Project("{FAE04EC0-301F-11D3-BF4B-00C04F79EFBC}") = "InParser", "InParser\InParser.csproj", "{0D7575B4-BD61-4B63-8473-E448C18B136F}"
EndProject
Project("{FAE04EC0-301F-11D3-BF4B-00C04F79EFBC}") = "ConsoleApplication2", "..\ConsoleApplication2\ConsoleApplication2\ConsoleApplication2.csproj", "{26698CF2-E409-4EF7-8EE7-CDB58A411C46}"
EndProject
Global
	GlobalSection(SolutionConfigurationPlatforms) = preSolution
		Debug|Any CPU = Debug|Any CPU
		Debug|Mixed Platforms = Debug|Mixed Platforms
		Debug|x86 = Debug|x86
		Release|Any CPU = Release|Any CPU
		Release|Mixed Platforms = Release|Mixed Platforms
		Release|x86 = Release|x86
	EndGlobalSection
	GlobalSection(ProjectConfigurationPlatforms) = postSolution
		{0D7575B4-BD61-4B63-8473-E448C18B136F}.Debug|Any CPU.ActiveCfg = Debug|Any CPU
		{0D7575B4-BD61-4B63-8473-E448C18B136F}.Debug|Any CPU.Build.0 = Debug|Any CPU
		{0D7575B4-BD61-4B63-8473-E448C18B136F}.Debug|Mixed Platforms.ActiveCfg = Debug|Any CPU
		{0D7575B4-BD61-4B63-8473-E448C18B136F}.Debug|Mixed Platforms.Build.0 = Debug|Any CPU
		{0D7575B4-BD61-4B63-8473-E448C18B136F}.Debug|x86.ActiveCfg = Debug|Any CPU
		{0D7575B4-BD61-4B63-8473-E448C18B136F}.Release|Any CPU.ActiveCfg = Release|Any CPU
		{0D7575B4-BD61-4B63-8473-E448C18B136F}.Release|Any CPU.Build.0 = Release|Any CPU
		{0D7575B4-BD61-4B63-8473-E448C18B136F}.Release|Mixed Platforms.ActiveCfg = Release|Any CPU
		{0D7575B4-BD61-4B63-8473-E448C18B136F}.Release|Mixed Platforms.Build.0 = Release|Any CPU
		{0D7575B4-BD61-4B63-8473-E448C18B136F}.Release|x86.ActiveCfg = Release|Any CPU
		{26698CF2-E409-4EF7-8EE7-CDB58A411C46}.Debug|Any CPU.ActiveCfg = Debug|x86
		{26698CF2-E409-4EF7-8EE7-CDB58A411C46}.Debug|Mixed Platforms.ActiveCfg = Debug|x86
		{26698CF2-E409-4EF7-8EE7-CDB58A411C46}.Debug|Mixed Platforms.Build.0 = Debug|x86
		{26698CF2-E409-4EF7-8EE7-CDB58A411C46}.Debug|x86.ActiveCfg = Debug|x86
		{26698CF2-E409-4EF7-8EE7-CDB58A411C46}.Debug|x86.Build.0 = Debug|x86
		{26698CF2-E409-4EF7-8EE7-CDB58A411C46}.Release|Any CPU.ActiveCfg = Release|x86
		{26698CF2-E409-4EF7-8EE7-CDB58A411C46}.Release|Mixed Platforms.ActiveCfg = Release|x86
		{26698CF2-E409-4EF7-8EE7-CDB58A411C46}.Release|Mixed Platforms.Build.0 = Release|x86
		{26698CF2-E409-4EF7-8EE7-CDB58A411C46}.Release|x86.ActiveCfg = Release|x86
		{26698CF2-E409-4EF7-8EE7-CDB58A411C46}.Release|x86.Build.0 = Release|x86
	EndGlobalSection
	GlobalSection(SolutionProperties) = preSolution
		HideSolutionNode = FALSE
	EndGlobalSection
EndGlobal
